
Microsoft Visual Studio Solution File, Format Version 12.00
# Visual Studio Version 16
VisualStudioVersion = 16.0.29230.47
MinimumVisualStudioVersion = 10.0.40219.1
Project("{FAE04EC0-301F-11D3-BF4B-00C04F79EFBC}") = "CanExecute_to_ApplicationCommands", "CanExecute_to_ApplicationCommands.csproj", "{3465BD17-9288-420C-A259-312CDF4E9542}"
EndProject
Global
	GlobalSection(SolutionConfigurationPlatforms) = preSolution
		Debug|Any CPU = Debug|Any CPU
		Release|Any CPU = Release|Any CPU
	EndGlobalSection
	GlobalSection(ProjectConfigurationPlatforms) = postSolution
		{3465BD17-9288-420C-A259-312CDF4E9542}.Debug|Any CPU.ActiveCfg = Debug|Any CPU
		{3465BD17-9288-420C-A259-312CDF4E9542}.Debug|Any CPU.Build.0 = Debug|Any CPU
		{3465BD17-9288-420C-A259-312CDF4E9542}.Release|Any CPU.ActiveCfg = Release|Any CPU
		{3465BD17-9288-420C-A259-312CDF4E9542}.Release|Any CPU.Build.0 = Release|Any CPU
	EndGlobalSection
	GlobalSection(SolutionProperties) = preSolution
		HideSolutionNode = FALSE
	EndGlobalSection
	GlobalSection(ExtensibilityGlobals) = postSolution
		SolutionGuid = {0E871C3E-65A0-4BFC-BCB8-93DC3117DF77}
	EndGlobalSection
EndGlobal
